
Microsoft Visual Studio Solution File, Format Version 12.00
# Visual Studio 15
Project("{FAE04EC0-301F-11D3-BF4B-00C04F79EFBC}") = "Scripts", "Scripts.csproj", "{D96FAD89-CE87-238E-E82A-64792EAFF6E4}"
EndProject
Project("{FAE04EC0-301F-11D3-BF4B-00C04F79EFBC}") = "Editmode", "Editmode.csproj", "{20D63570-5321-346A-7756-9FE497E7C041}"
EndProject
Global
	GlobalSection(SolutionConfigurationPlatforms) = preSolution
		Debug|Any CPU = Debug|Any CPU
		Release|Any CPU = Release|Any CPU
	EndGlobalSection
	GlobalSection(ProjectConfigurationPlatforms) = postSolution
		{D96FAD89-CE87-238E-E82A-64792EAFF6E4}.Debug|Any CPU.ActiveCfg = Debug|Any CPU
		{D96FAD89-CE87-238E-E82A-64792EAFF6E4}.Debug|Any CPU.Build.0 = Debug|Any CPU
		{D96FAD89-CE87-238E-E82A-64792EAFF6E4}.Release|Any CPU.ActiveCfg = Release|Any CPU
		{D96FAD89-CE87-238E-E82A-64792EAFF6E4}.Release|Any CPU.Build.0 = Release|Any CPU
		{20D63570-5321-346A-7756-9FE497E7C041}.Debug|Any CPU.ActiveCfg = Debug|Any CPU
		{20D63570-5321-346A-7756-9FE497E7C041}.Debug|Any CPU.Build.0 = Debug|Any CPU
		{20D63570-5321-346A-7756-9FE497E7C041}.Release|Any CPU.ActiveCfg = Release|Any CPU
		{20D63570-5321-346A-7756-9FE497E7C041}.Release|Any CPU.Build.0 = Release|Any CPU
	EndGlobalSection
	GlobalSection(SolutionProperties) = preSolution
		HideSolutionNode = FALSE
	EndGlobalSection
EndGlobal
